{
  "name": "06_mail",
  "version": "1.0.0",
  "lockfileVersion": 1,
  "requires": true,
  "dependencies": {
    "nodemailer": {
      "version": "6.9.7",
      "resolved": "https://registry.npmjs.org/nodemailer/-/nodemailer-6.9.7.tgz",
      "integrity": "sha512-rUtR77ksqex/eZRLmQ21LKVH5nAAsVicAtAYudK7JgwenEDZ0UIQ1adUGqErz7sMkWYxWTTU1aeP2Jga6WQyJw=="
    }
  }
}
